
Microsoft Visual Studio Solution File, Format Version 12.00
Project("{FAE04EC0-301F-11D3-BF4B-00C04F79EFBC}") = "VehicleSearchAlgorithm", "VehicleSearchAlgorithm\VehicleSearchAlgorithm.csproj", "{40DA93D9-3959-43FC-80EA-F5D29AB5C27E}"
EndProject
Project("{FAE04EC0-301F-11D3-BF4B-00C04F79EFBC}") = "Objects", "Objects\Objects.csproj", "{1D1DE540-45F6-4963-A0E4-5200C94EA943}"
EndProject
Global
	GlobalSection(SolutionConfigurationPlatforms) = preSolution
		Debug|Any CPU = Debug|Any CPU
		Release|Any CPU = Release|Any CPU
	EndGlobalSection
	GlobalSection(ProjectConfigurationPlatforms) = postSolution
		{40DA93D9-3959-43FC-80EA-F5D29AB5C27E}.Debug|Any CPU.ActiveCfg = Debug|Any CPU
		{40DA93D9-3959-43FC-80EA-F5D29AB5C27E}.Debug|Any CPU.Build.0 = Debug|Any CPU
		{40DA93D9-3959-43FC-80EA-F5D29AB5C27E}.Release|Any CPU.ActiveCfg = Release|Any CPU
		{40DA93D9-3959-43FC-80EA-F5D29AB5C27E}.Release|Any CPU.Build.0 = Release|Any CPU
		{1D1DE540-45F6-4963-A0E4-5200C94EA943}.Debug|Any CPU.ActiveCfg = Debug|Any CPU
		{1D1DE540-45F6-4963-A0E4-5200C94EA943}.Debug|Any CPU.Build.0 = Debug|Any CPU
		{1D1DE540-45F6-4963-A0E4-5200C94EA943}.Release|Any CPU.ActiveCfg = Release|Any CPU
		{1D1DE540-45F6-4963-A0E4-5200C94EA943}.Release|Any CPU.Build.0 = Release|Any CPU
	EndGlobalSection
EndGlobal
